{
  "name": "ink-editor",
  "version": "1.1.0",
  "lockfileVersion": 3,
  "requires": true,
  "packages": {
    "": {
      "name": "ink-editor",
      "version": "1.1.0",
      "license": "MIT",
      "dependencies": {
        "@codemirror/commands": "^6.2.4",
        "@codemirror/lang-markdown": "^6.1.1",
        "@codemirror/language-data": "^6.3.1",
        "@codemirror/view": "^6.11.0",
        "@lezer/markdown": "^1.2.0",
        "campfire.js": "^4.0.0-alpha2",
        "cf-alert": "^0.4.0",
        "esbuild": "^0.17.18",
        "marked": "^5.0.0"
      },
      "devDependencies": {
        "@types/codemirror": "^5.60.15",
        "@types/marked": "^4.3.0",
        "@types/node": "^16.18.26",
        "typescript": "^5.3.3"
      }
    },
    "node_modules/@codemirror/autocomplete": {
      "version": "6.6.1",
      "resolved": "https://registry.npmjs.org/@codemirror/autocomplete/-/autocomplete-6.6.1.tgz",
      "integrity": "sha512-RpsvnYOopnyNbZg487qoRD5bKg63KMMUVP5d8MQ4Luc7Mb6JBWTORovLi6cTvWaKlbmLW8Zd2dAJkIdrhBsXug==",
      "dependencies": {
        "@codemirror/language": "^6.0.0",
        "@codemirror/state": "^6.0.0",
        "@codemirror/view": "^6.6.0",
        "@lezer/common": "^1.0.0"
      },
      "peerDependencies": {
        "@codemirror/language": "^6.0.0",
        "@codemirror/state": "^6.0.0",
        "@codemirror/view": "^6.0.0",
        "@lezer/common": "^1.0.0"
      }
    },
    "node_modules/@codemirror/commands": {
      "version": "6.2.4",
      "resolved": "https://registry.npmjs.org/@codemirror/commands/-/commands-6.2.4.tgz",
      "integrity": "sha512-42lmDqVH0ttfilLShReLXsDfASKLXzfyC36bzwcqzox9PlHulMcsUOfHXNo2X2aFMVNUoQ7j+d4q5bnfseYoOA==",
      "dependencies": {
        "@codemirror/language": "^6.0.0",
        "@codemirror/state": "^6.2.0",
        "@codemirror/view": "^6.0.0",
        "@lezer/common": "^1.0.0"
      }
    },
    "node_modules/@codemirror/lang-angular": {
      "version": "0.1.3",
      "resolved": "https://registry.npmjs.org/@codemirror/lang-angular/-/lang-angular-0.1.3.tgz",
      "integrity": "sha512-xgeWGJQQl1LyStvndWtruUvb4SnBZDAu/gvFH/ZU+c0W25tQR8e5hq7WTwiIY2dNxnf+49mRiGI/9yxIwB6f5w==",
      "dependencies": {
        "@codemirror/lang-html": "^6.0.0",
        "@codemirror/lang-javascript": "^6.1.2",
        "@codemirror/language": "^6.0.0",
        "@lezer/common": "^1.2.0",
        "@lezer/highlight": "^1.0.0",
        "@lezer/lr": "^1.3.3"
      }
    },
    "node_modules/@codemirror/lang-cpp": {
      "version": "6.0.2",
      "resolved": "https://registry.npmjs.org/@codemirror/lang-cpp/-/lang-cpp-6.0.2.tgz",
      "integrity": "sha512-6oYEYUKHvrnacXxWxYa6t4puTlbN3dgV662BDfSH8+MfjQjVmP697/KYTDOqpxgerkvoNm7q5wlFMBeX8ZMocg==",
      "dependencies": {
        "@codemirror/language": "^6.0.0",
        "@lezer/cpp": "^1.0.0"
      }
    },
    "node_modules/@codemirror/lang-css": {
      "version": "6.2.0",
      "resolved": "https://registry.npmjs.org/@codemirror/lang-css/-/lang-css-6.2.0.tgz",
      "integrity": "sha512-oyIdJM29AyRPM3+PPq1I2oIk8NpUfEN3kAM05XWDDs6o3gSneIKaVJifT2P+fqONLou2uIgXynFyMUDQvo/szA==",
      "dependencies": {
        "@codemirror/autocomplete": "^6.0.0",
        "@codemirror/language": "^6.0.0",
        "@codemirror/state": "^6.0.0",
        "@lezer/common": "^1.0.2",
        "@lezer/css": "^1.0.0"
      }
    },
    "node_modules/@codemirror/lang-html": {
      "version": "6.4.3",
      "resolved": "https://registry.npmjs.org/@codemirror/lang-html/-/lang-html-6.4.3.tgz",
      "integrity": "sha512-VKzQXEC8nL69Jg2hvAFPBwOdZNvL8tMFOrdFwWpU+wc6a6KEkndJ/19R5xSaglNX6v2bttm8uIEFYxdQDcIZVQ==",
      "dependencies": {
        "@codemirror/autocomplete": "^6.0.0",
        "@codemirror/lang-css": "^6.0.0",
        "@codemirror/lang-javascript": "^6.0.0",
        "@codemirror/language": "^6.4.0",
        "@codemirror/state": "^6.0.0",
        "@codemirror/view": "^6.2.2",
        "@lezer/common": "^1.0.0",
        "@lezer/css": "^1.1.0",
        "@lezer/html": "^1.3.0"
      }
    },
    "node_modules/@codemirror/lang-java": {
      "version": "6.0.1",
      "resolved": "https://registry.npmjs.org/@codemirror/lang-java/-/lang-java-6.0.1.tgz",
      "integrity": "sha512-OOnmhH67h97jHzCuFaIEspbmsT98fNdhVhmA3zCxW0cn7l8rChDhZtwiwJ/JOKXgfm4J+ELxQihxaI7bj7mJRg==",
      "dependencies": {
        "@codemirror/language": "^6.0.0",
        "@lezer/java": "^1.0.0"
      }
    },
    "node_modules/@codemirror/lang-javascript": {
      "version": "6.1.7",
      "resolved": "https://registry.npmjs.org/@codemirror/lang-javascript/-/lang-javascript-6.1.7.tgz",
      "integrity": "sha512-KXKqxlZ4W6t5I7i2ScmITUD3f/F5Cllk3kj0De9P9mFeYVfhOVOWuDLgYiLpk357u7Xh4dhqjJAnsNPPoTLghQ==",
      "dependencies": {
        "@codemirror/autocomplete": "^6.0.0",
        "@codemirror/language": "^6.6.0",
        "@codemirror/lint": "^6.0.0",
        "@codemirror/state": "^6.0.0",
        "@codemirror/view": "^6.0.0",
        "@lezer/common": "^1.0.0",
        "@lezer/javascript": "^1.0.0"
      }
    },
    "node_modules/@codemirror/lang-json": {
      "version": "6.0.1",
      "resolved": "https://registry.npmjs.org/@codemirror/lang-json/-/lang-json-6.0.1.tgz",
      "integrity": "sha512-+T1flHdgpqDDlJZ2Lkil/rLiRy684WMLc74xUnjJH48GQdfJo/pudlTRreZmKwzP8/tGdKf83wlbAdOCzlJOGQ==",
      "dependencies": {
        "@codemirror/language": "^6.0.0",
        "@lezer/json": "^1.0.0"
      }
    },
    "node_modules/@codemirror/lang-less": {
      "version": "6.0.2",
      "resolved": "https://registry.npmjs.org/@codemirror/lang-less/-/lang-less-6.0.2.tgz",
      "integrity": "sha512-EYdQTG22V+KUUk8Qq582g7FMnCZeEHsyuOJisHRft/mQ+ZSZ2w51NupvDUHiqtsOy7It5cHLPGfHQLpMh9bqpQ==",
      "dependencies": {
        "@codemirror/lang-css": "^6.2.0",
        "@codemirror/language": "^6.0.0",
        "@lezer/common": "^1.2.0",
        "@lezer/highlight": "^1.0.0",
        "@lezer/lr": "^1.0.0"
      }
    },
    "node_modules/@codemirror/lang-markdown": {
      "version": "6.1.1",
      "resolved": "https://registry.npmjs.org/@codemirror/lang-markdown/-/lang-markdown-6.1.1.tgz",
      "integrity": "sha512-n87Ms6Y5UYb1UkFu8sRzTLfq/yyF1y2AYiWvaVdbBQi5WDj1tFk5N+AKA+WC0Jcjc1VxvrCCM0iizjdYYi9sFQ==",
      "dependencies": {
        "@codemirror/lang-html": "^6.0.0",
        "@codemirror/language": "^6.3.0",
        "@codemirror/state": "^6.0.0",
        "@codemirror/view": "^6.0.0",
        "@lezer/common": "^1.0.0",
        "@lezer/markdown": "^1.0.0"
      }
    },
    "node_modules/@codemirror/lang-php": {
      "version": "6.0.1",
      "resolved": "https://registry.npmjs.org/@codemirror/lang-php/-/lang-php-6.0.1.tgz",
      "integrity": "sha512-ublojMdw/PNWa7qdN5TMsjmqkNuTBD3k6ndZ4Z0S25SBAiweFGyY68AS3xNcIOlb6DDFDvKlinLQ40vSLqf8xA==",
      "dependencies": {
        "@codemirror/lang-html": "^6.0.0",
        "@codemirror/language": "^6.0.0",
        "@codemirror/state": "^6.0.0",
        "@lezer/common": "^1.0.0",
        "@lezer/php": "^1.0.0"
      }
    },
    "node_modules/@codemirror/lang-python": {
      "version": "6.1.3",
      "resolved": "https://registry.npmjs.org/@codemirror/lang-python/-/lang-python-6.1.3.tgz",
      "integrity": "sha512-S9w2Jl74hFlD5nqtUMIaXAq9t5WlM0acCkyuQWUUSvZclk1sV+UfnpFiZzuZSG+hfEaOmxKR5UxY/Uxswn7EhQ==",
      "dependencies": {
        "@codemirror/autocomplete": "^6.3.2",
        "@codemirror/language": "^6.8.0",
        "@lezer/python": "^1.1.4"
      }
    },
    "node_modules/@codemirror/lang-rust": {
      "version": "6.0.1",
      "resolved": "https://registry.npmjs.org/@codemirror/lang-rust/-/lang-rust-6.0.1.tgz",
      "integrity": "sha512-344EMWFBzWArHWdZn/NcgkwMvZIWUR1GEBdwG8FEp++6o6vT6KL9V7vGs2ONsKxxFUPXKI0SPcWhyYyl2zPYxQ==",
      "dependencies": {
        "@codemirror/language": "^6.0.0",
        "@lezer/rust": "^1.0.0"
      }
    },
    "node_modules/@codemirror/lang-sass": {
      "version": "6.0.2",
      "resolved": "https://registry.npmjs.org/@codemirror/lang-sass/-/lang-sass-6.0.2.tgz",
      "integrity": "sha512-l/bdzIABvnTo1nzdY6U+kPAC51czYQcOErfzQ9zSm9D8GmNPD0WTW8st/CJwBTPLO8jlrbyvlSEcN20dc4iL0Q==",
      "dependencies": {
        "@codemirror/lang-css": "^6.2.0",
        "@codemirror/language": "^6.0.0",
        "@codemirror/state": "^6.0.0",
        "@lezer/common": "^1.0.2",
        "@lezer/sass": "^1.0.0"
      }
    },
    "node_modules/@codemirror/lang-sql": {
      "version": "6.5.5",
      "resolved": "https://registry.npmjs.org/@codemirror/lang-sql/-/lang-sql-6.5.5.tgz",
      "integrity": "sha512-DvOaP2RXLb2xlxJxxydTFfwyYw5YDqEFea6aAfgh9UH0kUD6J1KFZ0xPgPpw1eo/5s2w3L6uh5PVR7GM23GxkQ==",
      "dependencies": {
        "@codemirror/autocomplete": "^6.0.0",
        "@codemirror/language": "^6.0.0",
        "@codemirror/state": "^6.0.0",
        "@lezer/common": "^1.2.0",
        "@lezer/highlight": "^1.0.0",
        "@lezer/lr": "^1.0.0"
      }
    },
    "node_modules/@codemirror/lang-vue": {
      "version": "0.1.3",
      "resolved": "https://registry.npmjs.org/@codemirror/lang-vue/-/lang-vue-0.1.3.tgz",
      "integrity": "sha512-QSKdtYTDRhEHCfo5zOShzxCmqKJvgGrZwDQSdbvCRJ5pRLWBS7pD/8e/tH44aVQT6FKm0t6RVNoSUWHOI5vNug==",
      "dependencies": {
        "@codemirror/lang-html": "^6.0.0",
        "@codemirror/lang-javascript": "^6.1.2",
        "@codemirror/language": "^6.0.0",
        "@lezer/common": "^1.2.0",
        "@lezer/highlight": "^1.0.0",
        "@lezer/lr": "^1.3.1"
      }
    },
    "node_modules/@codemirror/lang-wast": {
      "version": "6.0.2",
      "resolved": "https://registry.npmjs.org/@codemirror/lang-wast/-/lang-wast-6.0.2.tgz",
      "integrity": "sha512-Imi2KTpVGm7TKuUkqyJ5NRmeFWF7aMpNiwHnLQe0x9kmrxElndyH0K6H/gXtWwY6UshMRAhpENsgfpSwsgmC6Q==",
      "dependencies": {
        "@codemirror/language": "^6.0.0",
        "@lezer/common": "^1.2.0",
        "@lezer/highlight": "^1.0.0",
        "@lezer/lr": "^1.0.0"
      }
    },
    "node_modules/@codemirror/lang-xml": {
      "version": "6.0.2",
      "resolved": "https://registry.npmjs.org/@codemirror/lang-xml/-/lang-xml-6.0.2.tgz",
      "integrity": "sha512-JQYZjHL2LAfpiZI2/qZ/qzDuSqmGKMwyApYmEUUCTxLM4MWS7sATUEfIguZQr9Zjx/7gcdnewb039smF6nC2zw==",
      "dependencies": {
        "@codemirror/autocomplete": "^6.0.0",
        "@codemirror/language": "^6.4.0",
        "@codemirror/state": "^6.0.0",
        "@lezer/common": "^1.0.0",
        "@lezer/xml": "^1.0.0"
      }
    },
    "node_modules/@codemirror/language": {
      "version": "6.10.0",
      "resolved": "https://registry.npmjs.org/@codemirror/language/-/language-6.10.0.tgz",
      "integrity": "sha512-2vaNn9aPGCRFKWcHPFksctzJ8yS5p7YoaT+jHpc0UGKzNuAIx4qy6R5wiqbP+heEEdyaABA582mNqSHzSoYdmg==",
      "dependencies": {
        "@codemirror/state": "^6.0.0",
        "@codemirror/view": "^6.23.0",
        "@lezer/common": "^1.1.0",
        "@lezer/highlight": "^1.0.0",
        "@lezer/lr": "^1.0.0",
        "style-mod": "^4.0.0"
      }
    },
    "node_modules/@codemirror/language-data": {
      "version": "6.3.1",
      "resolved": "https://registry.npmjs.org/@codemirror/language-data/-/language-data-6.3.1.tgz",
      "integrity": "sha512-p6jhJmvhGe1TG1EGNhwH7nFWWFSTJ8NDKnB2fVx5g3t+PpO0+63R7GJNxjS0TmmH3cdMxZbzejsik+rlEh1EyQ==",
      "dependencies": {
        "@codemirror/lang-angular": "^0.1.0",
        "@codemirror/lang-cpp": "^6.0.0",
        "@codemirror/lang-css": "^6.0.0",
        "@codemirror/lang-html": "^6.0.0",
        "@codemirror/lang-java": "^6.0.0",
        "@codemirror/lang-javascript": "^6.0.0",
        "@codemirror/lang-json": "^6.0.0",
        "@codemirror/lang-less": "^6.0.0",
        "@codemirror/lang-markdown": "^6.0.0",
        "@codemirror/lang-php": "^6.0.0",
        "@codemirror/lang-python": "^6.0.0",
        "@codemirror/lang-rust": "^6.0.0",
        "@codemirror/lang-sass": "^6.0.0",
        "@codemirror/lang-sql": "^6.0.0",
        "@codemirror/lang-vue": "^0.1.1",
        "@codemirror/lang-wast": "^6.0.0",
        "@codemirror/lang-xml": "^6.0.0",
        "@codemirror/language": "^6.0.0",
        "@codemirror/legacy-modes": "^6.1.0"
      }
    },
    "node_modules/@codemirror/legacy-modes": {
      "version": "6.3.3",
      "resolved": "https://registry.npmjs.org/@codemirror/legacy-modes/-/legacy-modes-6.3.3.tgz",
      "integrity": "sha512-X0Z48odJ0KIoh/HY8Ltz75/4tDYc9msQf1E/2trlxFaFFhgjpVHjZ/BCXe1Lk7s4Gd67LL/CeEEHNI+xHOiESg==",
      "dependencies": {
        "@codemirror/language": "^6.0.0"
      }
    },
    "node_modules/@codemirror/lint": {
      "version": "6.2.1",
      "resolved": "https://registry.npmjs.org/@codemirror/lint/-/lint-6.2.1.tgz",
      "integrity": "sha512-y1muai5U/uUPAGRyHMx9mHuHLypPcHWxzlZGknp/U5Mdb5Ol8Q5ZLp67UqyTbNFJJ3unVxZ8iX3g1fMN79S1JQ==",
      "dependencies": {
        "@codemirror/state": "^6.0.0",
        "@codemirror/view": "^6.0.0",
        "crelt": "^1.0.5"
      }
    },
    "node_modules/@codemirror/state": {
      "version": "6.4.0",
      "resolved": "https://registry.npmjs.org/@codemirror/state/-/state-6.4.0.tgz",
      "integrity": "sha512-hm8XshYj5Fo30Bb922QX9hXB/bxOAVH+qaqHBzw5TKa72vOeslyGwd4X8M0c1dJ9JqxlaMceOQ8RsL9tC7gU0A=="
    },
    "node_modules/@codemirror/view": {
      "version": "6.23.0",
      "resolved": "https://registry.npmjs.org/@codemirror/view/-/view-6.23.0.tgz",
      "integrity": "sha512-/51px9N4uW8NpuWkyUX+iam5+PM6io2fm+QmRnzwqBy5v/pwGg9T0kILFtYeum8hjuvENtgsGNKluOfqIICmeQ==",
      "dependencies": {
        "@codemirror/state": "^6.4.0",
        "style-mod": "^4.1.0",
        "w3c-keyname": "^2.2.4"
      }
    },
    "node_modules/@esbuild/android-arm": {
      "version": "0.17.18",
      "resolved": "https://registry.npmjs.org/@esbuild/android-arm/-/android-arm-0.17.18.tgz",
      "integrity": "sha512-EmwL+vUBZJ7mhFCs5lA4ZimpUH3WMAoqvOIYhVQwdIgSpHC8ImHdsRyhHAVxpDYUSm0lWvd63z0XH1IlImS2Qw==",
      "cpu": [
        "arm"
      ],
      "optional": true,
      "os": [
        "android"
      ],
      "engines": {
        "node": ">=12"
      }
    },
    "node_modules/@esbuild/android-arm64": {
      "version": "0.17.18",
      "resolved": "https://registry.npmjs.org/@esbuild/android-arm64/-/android-arm64-0.17.18.tgz",
      "integrity": "sha512-/iq0aK0eeHgSC3z55ucMAHO05OIqmQehiGay8eP5l/5l+iEr4EIbh4/MI8xD9qRFjqzgkc0JkX0LculNC9mXBw==",
      "cpu": [
        "arm64"
      ],
      "optional": true,
      "os": [
        "android"
      ],
      "engines": {
        "node": ">=12"
      }
    },
    "node_modules/@esbuild/android-x64": {
      "version": "0.17.18",
      "resolved": "https://registry.npmjs.org/@esbuild/android-x64/-/android-x64-0.17.18.tgz",
      "integrity": "sha512-x+0efYNBF3NPW2Xc5bFOSFW7tTXdAcpfEg2nXmxegm4mJuVeS+i109m/7HMiOQ6M12aVGGFlqJX3RhNdYM2lWg==",
      "cpu": [
        "x64"
      ],
      "optional": true,
      "os": [
        "android"
      ],
      "engines": {
        "node": ">=12"
      }
    },
    "node_modules/@esbuild/darwin-arm64": {
      "version": "0.17.18",
      "resolved": "https://registry.npmjs.org/@esbuild/darwin-arm64/-/darwin-arm64-0.17.18.tgz",
      "integrity": "sha512-6tY+djEAdF48M1ONWnQb1C+6LiXrKjmqjzPNPWXhu/GzOHTHX2nh8Mo2ZAmBFg0kIodHhciEgUBtcYCAIjGbjQ==",
      "cpu": [
        "arm64"
      ],
      "optional": true,
      "os": [
        "darwin"
      ],
      "engines": {
        "node": ">=12"
      }
    },
    "node_modules/@esbuild/darwin-x64": {
      "version": "0.17.18",
      "resolved": "https://registry.npmjs.org/@esbuild/darwin-x64/-/darwin-x64-0.17.18.tgz",
      "integrity": "sha512-Qq84ykvLvya3dO49wVC9FFCNUfSrQJLbxhoQk/TE1r6MjHo3sFF2tlJCwMjhkBVq3/ahUisj7+EpRSz0/+8+9A==",
      "cpu": [
        "x64"
      ],
      "optional": true,
      "os": [
        "darwin"
      ],
      "engines": {
        "node": ">=12"
      }
    },
    "node_modules/@esbuild/freebsd-arm64": {
      "version": "0.17.18",
      "resolved": "https://registry.npmjs.org/@esbuild/freebsd-arm64/-/freebsd-arm64-0.17.18.tgz",
      "integrity": "sha512-fw/ZfxfAzuHfaQeMDhbzxp9mc+mHn1Y94VDHFHjGvt2Uxl10mT4CDavHm+/L9KG441t1QdABqkVYwakMUeyLRA==",
      "cpu": [
        "arm64"
      ],
      "optional": true,
      "os": [
        "freebsd"
      ],
      "engines": {
        "node": ">=12"
      }
    },
    "node_modules/@esbuild/freebsd-x64": {
      "version": "0.17.18",
      "resolved": "https://registry.npmjs.org/@esbuild/freebsd-x64/-/freebsd-x64-0.17.18.tgz",
      "integrity": "sha512-FQFbRtTaEi8ZBi/A6kxOC0V0E9B/97vPdYjY9NdawyLd4Qk5VD5g2pbWN2VR1c0xhzcJm74HWpObPszWC+qTew==",
      "cpu": [
        "x64"
      ],
      "optional": true,
      "os": [
        "freebsd"
      ],
      "engines": {
        "node": ">=12"
      }
    },
    "node_modules/@esbuild/linux-arm": {
      "version": "0.17.18",
      "resolved": "https://registry.npmjs.org/@esbuild/linux-arm/-/linux-arm-0.17.18.tgz",
      "integrity": "sha512-jW+UCM40LzHcouIaqv3e/oRs0JM76JfhHjCavPxMUti7VAPh8CaGSlS7cmyrdpzSk7A+8f0hiedHqr/LMnfijg==",
      "cpu": [
        "arm"
      ],
      "optional": true,
      "os": [
        "linux"
      ],
      "engines": {
        "node": ">=12"
      }
    },
    "node_modules/@esbuild/linux-arm64": {
      "version": "0.17.18",
      "resolved": "https://registry.npmjs.org/@esbuild/linux-arm64/-/linux-arm64-0.17.18.tgz",
      "integrity": "sha512-R7pZvQZFOY2sxUG8P6A21eq6q+eBv7JPQYIybHVf1XkQYC+lT7nDBdC7wWKTrbvMXKRaGudp/dzZCwL/863mZQ==",
      "cpu": [
        "arm64"
      ],
      "optional": true,
      "os": [
        "linux"
      ],
      "engines": {
        "node": ">=12"
      }
    },
    "node_modules/@esbuild/linux-ia32": {
      "version": "0.17.18",
      "resolved": "https://registry.npmjs.org/@esbuild/linux-ia32/-/linux-ia32-0.17.18.tgz",
      "integrity": "sha512-ygIMc3I7wxgXIxk6j3V00VlABIjq260i967Cp9BNAk5pOOpIXmd1RFQJQX9Io7KRsthDrQYrtcx7QCof4o3ZoQ==",
      "cpu": [
        "ia32"
      ],
      "optional": true,
      "os": [
        "linux"
      ],
      "engines": {
        "node": ">=12"
      }
    },
    "node_modules/@esbuild/linux-loong64": {
      "version": "0.17.18",
      "resolved": "https://registry.npmjs.org/@esbuild/linux-loong64/-/linux-loong64-0.17.18.tgz",
      "integrity": "sha512-bvPG+MyFs5ZlwYclCG1D744oHk1Pv7j8psF5TfYx7otCVmcJsEXgFEhQkbhNW8otDHL1a2KDINW20cfCgnzgMQ==",
      "cpu": [
        "loong64"
      ],
      "optional": true,
      "os": [
        "linux"
      ],
      "engines": {
        "node": ">=12"
      }
    },
    "node_modules/@esbuild/linux-mips64el": {
      "version": "0.17.18",
      "resolved": "https://registry.npmjs.org/@esbuild/linux-mips64el/-/linux-mips64el-0.17.18.tgz",
      "integrity": "sha512-oVqckATOAGuiUOa6wr8TXaVPSa+6IwVJrGidmNZS1cZVx0HqkTMkqFGD2HIx9H1RvOwFeWYdaYbdY6B89KUMxA==",
      "cpu": [
        "mips64el"
      ],
      "optional": true,
      "os": [
        "linux"
      ],
      "engines": {
        "node": ">=12"
      }
    },
    "node_modules/@esbuild/linux-ppc64": {
      "version": "0.17.18",
      "resolved": "https://registry.npmjs.org/@esbuild/linux-ppc64/-/linux-ppc64-0.17.18.tgz",
      "integrity": "sha512-3dLlQO+b/LnQNxgH4l9rqa2/IwRJVN9u/bK63FhOPB4xqiRqlQAU0qDU3JJuf0BmaH0yytTBdoSBHrb2jqc5qQ==",
      "cpu": [
        "ppc64"
      ],
      "optional": true,
      "os": [
        "linux"
      ],
      "engines": {
        "node": ">=12"
      }
    },
    "node_modules/@esbuild/linux-riscv64": {
      "version": "0.17.18",
      "resolved": "https://registry.npmjs.org/@esbuild/linux-riscv64/-/linux-riscv64-0.17.18.tgz",
      "integrity": "sha512-/x7leOyDPjZV3TcsdfrSI107zItVnsX1q2nho7hbbQoKnmoeUWjs+08rKKt4AUXju7+3aRZSsKrJtaRmsdL1xA==",
      "cpu": [
        "riscv64"
      ],
      "optional": true,
      "os": [
        "linux"
      ],
      "engines": {
        "node": ">=12"
      }
    },
    "node_modules/@esbuild/linux-s390x": {
      "version": "0.17.18",
      "resolved": "https://registry.npmjs.org/@esbuild/linux-s390x/-/linux-s390x-0.17.18.tgz",
      "integrity": "sha512-cX0I8Q9xQkL/6F5zWdYmVf5JSQt+ZfZD2bJudZrWD+4mnUvoZ3TDDXtDX2mUaq6upMFv9FlfIh4Gfun0tbGzuw==",
      "cpu": [
        "s390x"
      ],
      "optional": true,
      "os": [
        "linux"
      ],
      "engines": {
        "node": ">=12"
      }
    },
    "node_modules/@esbuild/linux-x64": {
      "version": "0.17.18",
      "resolved": "https://registry.npmjs.org/@esbuild/linux-x64/-/linux-x64-0.17.18.tgz",
      "integrity": "sha512-66RmRsPlYy4jFl0vG80GcNRdirx4nVWAzJmXkevgphP1qf4dsLQCpSKGM3DUQCojwU1hnepI63gNZdrr02wHUA==",
      "cpu": [
        "x64"
      ],
      "optional": true,
      "os": [
        "linux"
      ],
      "engines": {
        "node": ">=12"
      }
    },
    "node_modules/@esbuild/netbsd-x64": {
      "version": "0.17.18",
      "resolved": "https://registry.npmjs.org/@esbuild/netbsd-x64/-/netbsd-x64-0.17.18.tgz",
      "integrity": "sha512-95IRY7mI2yrkLlTLb1gpDxdC5WLC5mZDi+kA9dmM5XAGxCME0F8i4bYH4jZreaJ6lIZ0B8hTrweqG1fUyW7jbg==",
      "cpu": [
        "x64"
      ],
      "optional": true,
      "os": [
        "netbsd"
      ],
      "engines": {
        "node": ">=12"
      }
    },
    "node_modules/@esbuild/openbsd-x64": {
      "version": "0.17.18",
      "resolved": "https://registry.npmjs.org/@esbuild/openbsd-x64/-/openbsd-x64-0.17.18.tgz",
      "integrity": "sha512-WevVOgcng+8hSZ4Q3BKL3n1xTv5H6Nb53cBrtzzEjDbbnOmucEVcZeGCsCOi9bAOcDYEeBZbD2SJNBxlfP3qiA==",
      "cpu": [
        "x64"
      ],
      "optional": true,
      "os": [
        "openbsd"
      ],
      "engines": {
        "node": ">=12"
      }
    },
    "node_modules/@esbuild/sunos-x64": {
      "version": "0.17.18",
      "resolved": "https://registry.npmjs.org/@esbuild/sunos-x64/-/sunos-x64-0.17.18.tgz",
      "integrity": "sha512-Rzf4QfQagnwhQXVBS3BYUlxmEbcV7MY+BH5vfDZekU5eYpcffHSyjU8T0xucKVuOcdCsMo+Ur5wmgQJH2GfNrg==",
      "cpu": [
        "x64"
      ],
      "optional": true,
      "os": [
        "sunos"
      ],
      "engines": {
        "node": ">=12"
      }
    },
    "node_modules/@esbuild/win32-arm64": {
      "version": "0.17.18",
      "resolved": "https://registry.npmjs.org/@esbuild/win32-arm64/-/win32-arm64-0.17.18.tgz",
      "integrity": "sha512-Kb3Ko/KKaWhjeAm2YoT/cNZaHaD1Yk/pa3FTsmqo9uFh1D1Rfco7BBLIPdDOozrObj2sahslFuAQGvWbgWldAg==",
      "cpu": [
        "arm64"
      ],
      "optional": true,
      "os": [
        "win32"
      ],
      "engines": {
        "node": ">=12"
      }
    },
    "node_modules/@esbuild/win32-ia32": {
      "version": "0.17.18",
      "resolved": "https://registry.npmjs.org/@esbuild/win32-ia32/-/win32-ia32-0.17.18.tgz",
      "integrity": "sha512-0/xUMIdkVHwkvxfbd5+lfG7mHOf2FRrxNbPiKWg9C4fFrB8H0guClmaM3BFiRUYrznVoyxTIyC/Ou2B7QQSwmw==",
      "cpu": [
        "ia32"
      ],
      "optional": true,
      "os": [
        "win32"
      ],
      "engines": {
        "node": ">=12"
      }
    },
    "node_modules/@esbuild/win32-x64": {
      "version": "0.17.18",
      "resolved": "https://registry.npmjs.org/@esbuild/win32-x64/-/win32-x64-0.17.18.tgz",
      "integrity": "sha512-qU25Ma1I3NqTSHJUOKi9sAH1/Mzuvlke0ioMJRthLXKm7JiSKVwFghlGbDLOO2sARECGhja4xYfRAZNPAkooYg==",
      "cpu": [
        "x64"
      ],
      "optional": true,
      "os": [
        "win32"
      ],
      "engines": {
        "node": ">=12"
      }
    },
    "node_modules/@lezer/common": {
      "version": "1.2.0",
      "resolved": "https://registry.npmjs.org/@lezer/common/-/common-1.2.0.tgz",
      "integrity": "sha512-Wmvlm4q6tRpwiy20TnB3yyLTZim38Tkc50dPY8biQRwqE+ati/wD84rm3N15hikvdT4uSg9phs9ubjvcLmkpKg=="
    },
    "node_modules/@lezer/cpp": {
      "version": "1.1.2",
      "resolved": "https://registry.npmjs.org/@lezer/cpp/-/cpp-1.1.2.tgz",
      "integrity": "sha512-macwKtyeUO0EW86r3xWQCzOV9/CF8imJLpJlPv3sDY57cPGeUZ8gXWOWNlJr52TVByMV3PayFQCA5SHEERDmVQ==",
      "dependencies": {
        "@lezer/common": "^1.2.0",
        "@lezer/highlight": "^1.0.0",
        "@lezer/lr": "^1.0.0"
      }
    },
    "node_modules/@lezer/css": {
      "version": "1.1.1",
      "resolved": "https://registry.npmjs.org/@lezer/css/-/css-1.1.1.tgz",
      "integrity": "sha512-mSjx+unLLapEqdOYDejnGBokB5+AiJKZVclmud0MKQOKx3DLJ5b5VTCstgDDknR6iIV4gVrN6euzsCnj0A2gQA==",
      "dependencies": {
        "@lezer/highlight": "^1.0.0",
        "@lezer/lr": "^1.0.0"
      }
    },
    "node_modules/@lezer/highlight": {
      "version": "1.1.4",
      "resolved": "https://registry.npmjs.org/@lezer/highlight/-/highlight-1.1.4.tgz",
      "integrity": "sha512-IECkFmw2l7sFcYXrV8iT9GeY4W0fU4CxX0WMwhmhMIVjoDdD1Hr6q3G2NqVtLg/yVe5n7i4menG3tJ2r4eCrPQ==",
      "dependencies": {
        "@lezer/common": "^1.0.0"
      }
    },
    "node_modules/@lezer/html": {
      "version": "1.3.4",
      "resolved": "https://registry.npmjs.org/@lezer/html/-/html-1.3.4.tgz",
      "integrity": "sha512-HdJYMVZcT4YsMo7lW3ipL4NoyS2T67kMPuSVS5TgLGqmaCjEU/D6xv7zsa1ktvTK5lwk7zzF1e3eU6gBZIPm5g==",
      "dependencies": {
        "@lezer/common": "^1.0.0",
        "@lezer/highlight": "^1.0.0",
        "@lezer/lr": "^1.0.0"
      }
    },
    "node_modules/@lezer/java": {
      "version": "1.1.1",
      "resolved": "https://registry.npmjs.org/@lezer/java/-/java-1.1.1.tgz",
      "integrity": "sha512-mt3dX13fRlpY7RlWELYRakanXgmwXsLRCrhstrn+c1sZd7jR2xle46/3heoxGd+oHxnuTnpoyXTyxcLJQs9+mQ==",
      "dependencies": {
        "@lezer/common": "^1.2.0",
        "@lezer/highlight": "^1.0.0",
        "@lezer/lr": "^1.0.0"
      }
    },
    "node_modules/@lezer/javascript": {
      "version": "1.4.3",
      "resolved": "https://registry.npmjs.org/@lezer/javascript/-/javascript-1.4.3.tgz",
      "integrity": "sha512-k7Eo9z9B1supZ5cCD4ilQv/RZVN30eUQL+gGbr6ybrEY3avBAL5MDiYi2aa23Aj0A79ry4rJRvPAwE2TM8bd+A==",
      "dependencies": {
        "@lezer/highlight": "^1.1.3",
        "@lezer/lr": "^1.3.0"
      }
    },
    "node_modules/@lezer/json": {
      "version": "1.0.2",
      "resolved": "https://registry.npmjs.org/@lezer/json/-/json-1.0.2.tgz",
      "integrity": "sha512-xHT2P4S5eeCYECyKNPhr4cbEL9tc8w83SPwRC373o9uEdrvGKTZoJVAGxpOsZckMlEh9W23Pc72ew918RWQOBQ==",
      "dependencies": {
        "@lezer/common": "^1.2.0",
        "@lezer/highlight": "^1.0.0",
        "@lezer/lr": "^1.0.0"
      }
    },
    "node_modules/@lezer/lr": {
      "version": "1.3.4",
      "resolved": "https://registry.npmjs.org/@lezer/lr/-/lr-1.3.4.tgz",
      "integrity": "sha512-7o+e4og/QoC/6btozDPJqnzBhUaD1fMfmvnEKQO1wRRiTse1WxaJ3OMEXZJnkgT6HCcTVOctSoXK9jGJw2oe9g==",
      "dependencies": {
        "@lezer/common": "^1.0.0"
      }
    },
    "node_modules/@lezer/markdown": {
      "version": "1.2.0",
      "resolved": "https://registry.npmjs.org/@lezer/markdown/-/markdown-1.2.0.tgz",
      "integrity": "sha512-d7MwsfAukZJo1GpPrcPGa3MxaFFOqNp0gbqF+3F7pTeNDOgeJN1muXzx1XXDPt+Ac+/voCzsH7qXqnn+xReG/g==",
      "dependencies": {
        "@lezer/common": "^1.0.0",
        "@lezer/highlight": "^1.0.0"
      }
    },
    "node_modules/@lezer/php": {
      "version": "1.0.2",
      "resolved": "https://registry.npmjs.org/@lezer/php/-/php-1.0.2.tgz",
      "integrity": "sha512-GN7BnqtGRpFyeoKSEqxvGvhJQiI4zkgmYnDk/JIyc7H7Ifc1tkPnUn/R2R8meH3h/aBf5rzjvU8ZQoyiNDtDrA==",
      "dependencies": {
        "@lezer/common": "^1.2.0",
        "@lezer/highlight": "^1.0.0",
        "@lezer/lr": "^1.1.0"
      }
    },
    "node_modules/@lezer/python": {
      "version": "1.1.10",
      "resolved": "https://registry.npmjs.org/@lezer/python/-/python-1.1.10.tgz",
      "integrity": "sha512-pvSjn+OWivmA/si/SFeGouHO50xoOZcPIFzf8dql0gRvcfCvLDpVIpnnGFFlB7wa0WDscDLo0NmH+4Tx80nBdQ==",
      "dependencies": {
        "@lezer/common": "^1.2.0",
        "@lezer/highlight": "^1.0.0",
        "@lezer/lr": "^1.0.0"
      }
    },
    "node_modules/@lezer/rust": {
      "version": "1.0.2",
      "resolved": "https://registry.npmjs.org/@lezer/rust/-/rust-1.0.2.tgz",
      "integrity": "sha512-Lz5sIPBdF2FUXcWeCu1//ojFAZqzTQNRga0aYv6dYXqJqPfMdCAI0NzajWUd4Xijj1IKJLtjoXRPMvTKWBcqKg==",
      "dependencies": {
        "@lezer/common": "^1.2.0",
        "@lezer/highlight": "^1.0.0",
        "@lezer/lr": "^1.0.0"
      }
    },
    "node_modules/@lezer/sass": {
      "version": "1.0.4",
      "resolved": "https://registry.npmjs.org/@lezer/sass/-/sass-1.0.4.tgz",
      "integrity": "sha512-AqW4myvp73sbMk6y0+gJrMjN5xtqFZzqTftzO3YcO8gSL5d3pymIP3deQllAI8+s1ZoSzH6kD4hsoFLpkD9Kfg==",
      "dependencies": {
        "@lezer/common": "^1.2.0",
        "@lezer/highlight": "^1.0.0",
        "@lezer/lr": "^1.0.0"
      }
    },
    "node_modules/@lezer/xml": {
      "version": "1.0.4",
      "resolved": "https://registry.npmjs.org/@lezer/xml/-/xml-1.0.4.tgz",
      "integrity": "sha512-WmXKb5eX8+rRfZYSNRR5TPee/ZoDgBdVS/rj1VCJGDKa5gNldIctQYibCoFVyNhvZsyL/8nHbZJZPM4gnXN2Vw==",
      "dependencies": {
        "@lezer/common": "^1.2.0",
        "@lezer/highlight": "^1.0.0",
        "@lezer/lr": "^1.0.0"
      }
    },
    "node_modules/@types/codemirror": {
      "version": "5.60.15",
      "resolved": "https://registry.npmjs.org/@types/codemirror/-/codemirror-5.60.15.tgz",
      "integrity": "sha512-dTOvwEQ+ouKJ/rE9LT1Ue2hmP6H1mZv5+CCnNWu2qtiOe2LQa9lCprEY20HxiDmV/Bxh+dXjywmy5aKvoGjULA==",
      "dev": true,
      "dependencies": {
        "@types/tern": "*"
      }
    },
    "node_modules/@types/estree": {
      "version": "1.0.5",
      "resolved": "https://registry.npmjs.org/@types/estree/-/estree-1.0.5.tgz",
      "integrity": "sha512-/kYRxGDLWzHOB7q+wtSUQlFrtcdUccpfy+X+9iMBpHK8QLLhx2wIPYuS5DYtR9Wa/YlZAbIovy7qVdB1Aq6Lyw==",
      "dev": true
    },
    "node_modules/@types/marked": {
      "version": "4.3.0",
      "resolved": "https://registry.npmjs.org/@types/marked/-/marked-4.3.0.tgz",
      "integrity": "sha512-zK4gSFMjgslsv5Lyvr3O1yCjgmnE4pr8jbG8qVn4QglMwtpvPCf4YT2Wma7Nk95OxUUJI8Z+kzdXohbM7mVpGw==",
      "dev": true
    },
    "node_modules/@types/node": {
      "version": "16.18.26",
      "resolved": "https://registry.npmjs.org/@types/node/-/node-16.18.26.tgz",
      "integrity": "sha512-pCNBzNQqCXE4A6FWDmrn/o1Qu+qBf8tnorBlNoPNSBQJF+jXzvTKNI/aMiE+hGJbK5sDAD65g7OS/YwSHIEJdw==",
      "dev": true
    },
    "node_modules/@types/tern": {
      "version": "0.23.9",
      "resolved": "https://registry.npmjs.org/@types/tern/-/tern-0.23.9.tgz",
      "integrity": "sha512-ypzHFE/wBzh+BlH6rrBgS5I/Z7RD21pGhZ2rltb/+ZrVM1awdZwjx7hE5XfuYgHWk9uvV5HLZN3SloevCAp3Bw==",
      "dev": true,
      "dependencies": {
        "@types/estree": "*"
      }
    },
    "node_modules/campfire.js": {
      "version": "4.0.0-alpha2",
      "resolved": "https://registry.npmjs.org/campfire.js/-/campfire.js-4.0.0-alpha2.tgz",
      "integrity": "sha512-kL/DC80wnlwWPmXP5B9vKu9mhaQrbOjY2byNpiTZNoV7xkQ/dqU71fP9IULR2kcCw/NU+mENMroPz0EtoLGA2g=="
    },
    "node_modules/cf-alert": {
      "version": "0.4.0",
      "resolved": "https://registry.npmjs.org/cf-alert/-/cf-alert-0.4.0.tgz",
      "integrity": "sha512-WJJHzPqs2glWnpl2xg9DShq4I0DnBH0Mox/6Tln/6MdHcUW6Zymbz/dazrGvYF7JQmqZ8ZGLlIRNj1EBtDKZdA==",
      "dependencies": {
        "campfire.js": "^2.3.0",
        "typescript": "^4.9.5"
      }
    },
    "node_modules/cf-alert/node_modules/campfire.js": {
      "version": "2.4.1",
      "resolved": "https://registry.npmjs.org/campfire.js/-/campfire.js-2.4.1.tgz",
      "integrity": "sha512-xP36HO6zyanz9y2tWCwpCj836p7XpZ6hR/zCy7EnBXDASZbC7CokPRV+D3P0ezdKX2+uNGPeFfm1ttgyzDcVeg=="
    },
    "node_modules/cf-alert/node_modules/typescript": {
      "version": "4.9.5",
      "resolved": "https://registry.npmjs.org/typescript/-/typescript-4.9.5.tgz",
      "integrity": "sha512-1FXk9E2Hm+QzZQ7z+McJiHL4NW1F2EzMu9Nq9i3zAaGqibafqYwCVU6WyWAuyQRRzOlxou8xZSyXLEN8oKj24g==",
      "bin": {
        "tsc": "bin/tsc",
        "tsserver": "bin/tsserver"
      },
      "engines": {
        "node": ">=4.2.0"
      }
    },
    "node_modules/crelt": {
      "version": "1.0.5",
      "resolved": "https://registry.npmjs.org/crelt/-/crelt-1.0.5.tgz",
      "integrity": "sha512-+BO9wPPi+DWTDcNYhr/W90myha8ptzftZT+LwcmUbbok0rcP/fequmFYCw8NMoH7pkAZQzU78b3kYrlua5a9eA=="
    },
    "node_modules/esbuild": {
      "version": "0.17.18",
      "resolved": "https://registry.npmjs.org/esbuild/-/esbuild-0.17.18.tgz",
      "integrity": "sha512-z1lix43jBs6UKjcZVKOw2xx69ffE2aG0PygLL5qJ9OS/gy0Ewd1gW/PUQIOIQGXBHWNywSc0floSKoMFF8aK2w==",
      "hasInstallScript": true,
      "bin": {
        "esbuild": "bin/esbuild"
      },
      "engines": {
        "node": ">=12"
      },
      "optionalDependencies": {
        "@esbuild/android-arm": "0.17.18",
        "@esbuild/android-arm64": "0.17.18",
        "@esbuild/android-x64": "0.17.18",
        "@esbuild/darwin-arm64": "0.17.18",
        "@esbuild/darwin-x64": "0.17.18",
        "@esbuild/freebsd-arm64": "0.17.18",
        "@esbuild/freebsd-x64": "0.17.18",
        "@esbuild/linux-arm": "0.17.18",
        "@esbuild/linux-arm64": "0.17.18",
        "@esbuild/linux-ia32": "0.17.18",
        "@esbuild/linux-loong64": "0.17.18",
        "@esbuild/linux-mips64el": "0.17.18",
        "@esbuild/linux-ppc64": "0.17.18",
        "@esbuild/linux-riscv64": "0.17.18",
        "@esbuild/linux-s390x": "0.17.18",
        "@esbuild/linux-x64": "0.17.18",
        "@esbuild/netbsd-x64": "0.17.18",
        "@esbuild/openbsd-x64": "0.17.18",
        "@esbuild/sunos-x64": "0.17.18",
        "@esbuild/win32-arm64": "0.17.18",
        "@esbuild/win32-ia32": "0.17.18",
        "@esbuild/win32-x64": "0.17.18"
      }
    },
    "node_modules/marked": {
      "version": "5.0.0",
      "resolved": "https://registry.npmjs.org/marked/-/marked-5.0.0.tgz",
      "integrity": "sha512-YQ6+L9l/NSBDjFgCQQebmTCc62EUdZ5RpIZ7A/FmC8IYMB5s7Cz8sT7imuMAkbIL4CvXpQLdW45fpK5UwiU7DA==",
      "bin": {
        "marked": "bin/marked.js"
      },
      "engines": {
        "node": ">= 18"
      }
    },
    "node_modules/style-mod": {
      "version": "4.1.0",
      "resolved": "https://registry.npmjs.org/style-mod/-/style-mod-4.1.0.tgz",
      "integrity": "sha512-Ca5ib8HrFn+f+0n4N4ScTIA9iTOQ7MaGS1ylHcoVqW9J7w2w8PzN6g9gKmTYgGEBH8e120+RCmhpje6jC5uGWA=="
    },
    "node_modules/typescript": {
      "version": "5.3.3",
      "resolved": "https://registry.npmjs.org/typescript/-/typescript-5.3.3.tgz",
      "integrity": "sha512-pXWcraxM0uxAS+tN0AG/BF2TyqmHO014Z070UsJ+pFvYuRSq8KH8DmWpnbXe0pEPDHXZV3FcAbJkijJ5oNEnWw==",
      "dev": true,
      "bin": {
        "tsc": "bin/tsc",
        "tsserver": "bin/tsserver"
      },
      "engines": {
        "node": ">=14.17"
      }
    },
    "node_modules/w3c-keyname": {
      "version": "2.2.6",
      "resolved": "https://registry.npmjs.org/w3c-keyname/-/w3c-keyname-2.2.6.tgz",
      "integrity": "sha512-f+fciywl1SJEniZHD6H+kUO8gOnwIr7f4ijKA6+ZvJFjeGi1r4PDLl53Ayud9O/rk64RqgoQine0feoeOU0kXg=="
    }
  }
}
