lockfileVersion: '9.0'

settings:
  autoInstallPeers: true
  excludeLinksFromLockfile: false

importers:

  .:
    dependencies:
      '@codemirror/commands':
        specifier: ^6.2.4
        version: 6.8.1
      '@codemirror/lang-markdown':
        specifier: ^6.2.4
        version: 6.3.2
      '@codemirror/language':
        specifier: ^6.11.0
        version: 6.11.0
      '@codemirror/language-data':
        specifier: ^6.3.1
        version: 6.5.1
      '@codemirror/state':
        specifier: ^6.4.0
        version: 6.5.2
      '@codemirror/view':
        specifier: ^6.11.0
        version: 6.36.5
      '@lezer/highlight':
        specifier: ^1.2.1
        version: 1.2.1
      '@lezer/markdown':
        specifier: ^1.2.0
        version: 1.4.2
      campfire.js:
        specifier: 4.0.0-rc10
        version: 4.0.0-rc10
      cf-alert:
        specifier: ^0.4.0
        version: 0.4.1
      esbuild:
        specifier: ^0.17.18
        version: 0.17.19
      lucide:
        specifier: ^0.311.0
        version: 0.311.0
      marked:
        specifier: ^5.0.0
        version: 5.1.2
    devDependencies:
      '@types/codemirror':
        specifier: ^5.60.15
        version: 5.60.15
      '@types/feather-icons':
        specifier: ^4.29.4
        version: 4.29.4
      '@types/marked':
        specifier: ^4.3.0
        version: 4.3.2
      '@types/node':
        specifier: ^16.18.26
        version: 16.18.126
      csso:
        specifier: ^5.0.5
        version: 5.0.5
      typescript:
        specifier: ^5.3.3
        version: 5.8.3

packages:

  '@codemirror/autocomplete@6.18.6':
    resolution: {integrity: sha512-PHHBXFomUs5DF+9tCOM/UoW6XQ4R44lLNNhRaW9PKPTU0D7lIjRg3ElxaJnTwsl/oHiR93WSXDBrekhoUGCPtg==}

  '@codemirror/commands@6.8.1':
    resolution: {integrity: sha512-KlGVYufHMQzxbdQONiLyGQDUW0itrLZwq3CcY7xpv9ZLRHqzkBSoteocBHtMCoY7/Ci4xhzSrToIeLg7FxHuaw==}

  '@codemirror/lang-angular@0.1.3':
    resolution: {integrity: sha512-xgeWGJQQl1LyStvndWtruUvb4SnBZDAu/gvFH/ZU+c0W25tQR8e5hq7WTwiIY2dNxnf+49mRiGI/9yxIwB6f5w==}

  '@codemirror/lang-cpp@6.0.2':
    resolution: {integrity: sha512-6oYEYUKHvrnacXxWxYa6t4puTlbN3dgV662BDfSH8+MfjQjVmP697/KYTDOqpxgerkvoNm7q5wlFMBeX8ZMocg==}

  '@codemirror/lang-css@6.3.1':
    resolution: {integrity: sha512-kr5fwBGiGtmz6l0LSJIbno9QrifNMUusivHbnA1H6Dmqy4HZFte3UAICix1VuKo0lMPKQr2rqB+0BkKi/S3Ejg==}

  '@codemirror/lang-go@6.0.1':
    resolution: {integrity: sha512-7fNvbyNylvqCphW9HD6WFnRpcDjr+KXX/FgqXy5H5ZS0eC5edDljukm/yNgYkwTsgp2busdod50AOTIy6Jikfg==}

  '@codemirror/lang-html@6.4.9':
    resolution: {integrity: sha512-aQv37pIMSlueybId/2PVSP6NPnmurFDVmZwzc7jszd2KAF8qd4VBbvNYPXWQq90WIARjsdVkPbw29pszmHws3Q==}

  '@codemirror/lang-java@6.0.1':
    resolution: {integrity: sha512-OOnmhH67h97jHzCuFaIEspbmsT98fNdhVhmA3zCxW0cn7l8rChDhZtwiwJ/JOKXgfm4J+ELxQihxaI7bj7mJRg==}

  '@codemirror/lang-javascript@6.2.3':
    resolution: {integrity: sha512-8PR3vIWg7pSu7ur8A07pGiYHgy3hHj+mRYRCSG8q+mPIrl0F02rgpGv+DsQTHRTc30rydOsf5PZ7yjKFg2Ackw==}

  '@codemirror/lang-json@6.0.1':
    resolution: {integrity: sha512-+T1flHdgpqDDlJZ2Lkil/rLiRy684WMLc74xUnjJH48GQdfJo/pudlTRreZmKwzP8/tGdKf83wlbAdOCzlJOGQ==}

  '@codemirror/lang-less@6.0.2':
    resolution: {integrity: sha512-EYdQTG22V+KUUk8Qq582g7FMnCZeEHsyuOJisHRft/mQ+ZSZ2w51NupvDUHiqtsOy7It5cHLPGfHQLpMh9bqpQ==}

  '@codemirror/lang-liquid@6.2.3':
    resolution: {integrity: sha512-yeN+nMSrf/lNii3FJxVVEGQwFG0/2eDyH6gNOj+TGCa0hlNO4bhQnoO5ISnd7JOG+7zTEcI/GOoyraisFVY7jQ==}

  '@codemirror/lang-markdown@6.3.2':
    resolution: {integrity: sha512-c/5MYinGbFxYl4itE9q/rgN/sMTjOr8XL5OWnC+EaRMLfCbVUmmubTJfdgpfcSS2SCaT7b+Q+xi3l6CgoE+BsA==}

  '@codemirror/lang-php@6.0.1':
    resolution: {integrity: sha512-ublojMdw/PNWa7qdN5TMsjmqkNuTBD3k6ndZ4Z0S25SBAiweFGyY68AS3xNcIOlb6DDFDvKlinLQ40vSLqf8xA==}

  '@codemirror/lang-python@6.1.7':
    resolution: {integrity: sha512-mZnFTsL4lW5p9ch8uKNKeRU3xGGxr1QpESLilfON2E3fQzOa/OygEMkaDvERvXDJWJA9U9oN/D4w0ZuUzNO4+g==}

  '@codemirror/lang-rust@6.0.1':
    resolution: {integrity: sha512-344EMWFBzWArHWdZn/NcgkwMvZIWUR1GEBdwG8FEp++6o6vT6KL9V7vGs2ONsKxxFUPXKI0SPcWhyYyl2zPYxQ==}

  '@codemirror/lang-sass@6.0.2':
    resolution: {integrity: sha512-l/bdzIABvnTo1nzdY6U+kPAC51czYQcOErfzQ9zSm9D8GmNPD0WTW8st/CJwBTPLO8jlrbyvlSEcN20dc4iL0Q==}

  '@codemirror/lang-sql@6.8.0':
    resolution: {integrity: sha512-aGLmY4OwGqN3TdSx3h6QeA1NrvaYtF7kkoWR/+W7/JzB0gQtJ+VJxewlnE3+VImhA4WVlhmkJr109PefOOhjLg==}

  '@codemirror/lang-vue@0.1.3':
    resolution: {integrity: sha512-QSKdtYTDRhEHCfo5zOShzxCmqKJvgGrZwDQSdbvCRJ5pRLWBS7pD/8e/tH44aVQT6FKm0t6RVNoSUWHOI5vNug==}

  '@codemirror/lang-wast@6.0.2':
    resolution: {integrity: sha512-Imi2KTpVGm7TKuUkqyJ5NRmeFWF7aMpNiwHnLQe0x9kmrxElndyH0K6H/gXtWwY6UshMRAhpENsgfpSwsgmC6Q==}

  '@codemirror/lang-xml@6.1.0':
    resolution: {integrity: sha512-3z0blhicHLfwi2UgkZYRPioSgVTo9PV5GP5ducFH6FaHy0IAJRg+ixj5gTR1gnT/glAIC8xv4w2VL1LoZfs+Jg==}

  '@codemirror/lang-yaml@6.1.2':
    resolution: {integrity: sha512-dxrfG8w5Ce/QbT7YID7mWZFKhdhsaTNOYjOkSIMt1qmC4VQnXSDSYVHHHn8k6kJUfIhtLo8t1JJgltlxWdsITw==}

  '@codemirror/language-data@6.5.1':
    resolution: {integrity: sha512-0sWxeUSNlBr6OmkqybUTImADFUP0M3P0IiSde4nc24bz/6jIYzqYSgkOSLS+CBIoW1vU8Q9KUWXscBXeoMVC9w==}

  '@codemirror/language@6.11.0':
    resolution: {integrity: sha512-A7+f++LodNNc1wGgoRDTt78cOwWm9KVezApgjOMp1W4hM0898nsqBXwF+sbePE7ZRcjN7Sa1Z5m2oN27XkmEjQ==}

  '@codemirror/legacy-modes@6.5.0':
    resolution: {integrity: sha512-dNw5pwTqtR1giYjaJyEajunLqxGavZqV0XRtVZyMJnNOD2HmK9DMUmuCAr6RMFGRJ4l8OeQDjpI/us+R09mQsw==}

  '@codemirror/lint@6.8.5':
    resolution: {integrity: sha512-s3n3KisH7dx3vsoeGMxsbRAgKe4O1vbrnKBClm99PU0fWxmxsx5rR2PfqQgIt+2MMJBHbiJ5rfIdLYfB9NNvsA==}

  '@codemirror/state@6.5.2':
    resolution: {integrity: sha512-FVqsPqtPWKVVL3dPSxy8wEF/ymIEuVzF1PK3VbUgrxXpJUSHQWWZz4JMToquRxnkw+36LTamCZG2iua2Ptq0fA==}

  '@codemirror/view@6.36.5':
    resolution: {integrity: sha512-cd+FZEUlu3GQCYnguYm3EkhJ8KJVisqqUsCOKedBoAt/d9c76JUUap6U0UrpElln5k6VyrEOYliMuDAKIeDQLg==}

  '@esbuild/android-arm64@0.17.19':
    resolution: {integrity: sha512-KBMWvEZooR7+kzY0BtbTQn0OAYY7CsiydT63pVEaPtVYF0hXbUaOyZog37DKxK7NF3XacBJOpYT4adIJh+avxA==}
    engines: {node: '>=12'}
    cpu: [arm64]
    os: [android]

  '@esbuild/android-arm@0.17.19':
    resolution: {integrity: sha512-rIKddzqhmav7MSmoFCmDIb6e2W57geRsM94gV2l38fzhXMwq7hZoClug9USI2pFRGL06f4IOPHHpFNOkWieR8A==}
    engines: {node: '>=12'}
    cpu: [arm]
    os: [android]

  '@esbuild/android-x64@0.17.19':
    resolution: {integrity: sha512-uUTTc4xGNDT7YSArp/zbtmbhO0uEEK9/ETW29Wk1thYUJBz3IVnvgEiEwEa9IeLyvnpKrWK64Utw2bgUmDveww==}
    engines: {node: '>=12'}
    cpu: [x64]
    os: [android]

  '@esbuild/darwin-arm64@0.17.19':
    resolution: {integrity: sha512-80wEoCfF/hFKM6WE1FyBHc9SfUblloAWx6FJkFWTWiCoht9Mc0ARGEM47e67W9rI09YoUxJL68WHfDRYEAvOhg==}
    engines: {node: '>=12'}
    cpu: [arm64]
    os: [darwin]

  '@esbuild/darwin-x64@0.17.19':
    resolution: {integrity: sha512-IJM4JJsLhRYr9xdtLytPLSH9k/oxR3boaUIYiHkAawtwNOXKE8KoU8tMvryogdcT8AU+Bflmh81Xn6Q0vTZbQw==}
    engines: {node: '>=12'}
    cpu: [x64]
    os: [darwin]

  '@esbuild/freebsd-arm64@0.17.19':
    resolution: {integrity: sha512-pBwbc7DufluUeGdjSU5Si+P3SoMF5DQ/F/UmTSb8HXO80ZEAJmrykPyzo1IfNbAoaqw48YRpv8shwd1NoI0jcQ==}
    engines: {node: '>=12'}
    cpu: [arm64]
    os: [freebsd]

  '@esbuild/freebsd-x64@0.17.19':
    resolution: {integrity: sha512-4lu+n8Wk0XlajEhbEffdy2xy53dpR06SlzvhGByyg36qJw6Kpfk7cp45DR/62aPH9mtJRmIyrXAS5UWBrJT6TQ==}
    engines: {node: '>=12'}
    cpu: [x64]
    os: [freebsd]

  '@esbuild/linux-arm64@0.17.19':
    resolution: {integrity: sha512-ct1Tg3WGwd3P+oZYqic+YZF4snNl2bsnMKRkb3ozHmnM0dGWuxcPTTntAF6bOP0Sp4x0PjSF+4uHQ1xvxfRKqg==}
    engines: {node: '>=12'}
    cpu: [arm64]
    os: [linux]

  '@esbuild/linux-arm@0.17.19':
    resolution: {integrity: sha512-cdmT3KxjlOQ/gZ2cjfrQOtmhG4HJs6hhvm3mWSRDPtZ/lP5oe8FWceS10JaSJC13GBd4eH/haHnqf7hhGNLerA==}
    engines: {node: '>=12'}
    cpu: [arm]
    os: [linux]

  '@esbuild/linux-ia32@0.17.19':
    resolution: {integrity: sha512-w4IRhSy1VbsNxHRQpeGCHEmibqdTUx61Vc38APcsRbuVgK0OPEnQ0YD39Brymn96mOx48Y2laBQGqgZ0j9w6SQ==}
    engines: {node: '>=12'}
    cpu: [ia32]
    os: [linux]

  '@esbuild/linux-loong64@0.17.19':
    resolution: {integrity: sha512-2iAngUbBPMq439a+z//gE+9WBldoMp1s5GWsUSgqHLzLJ9WoZLZhpwWuym0u0u/4XmZ3gpHmzV84PonE+9IIdQ==}
    engines: {node: '>=12'}
    cpu: [loong64]
    os: [linux]

  '@esbuild/linux-mips64el@0.17.19':
    resolution: {integrity: sha512-LKJltc4LVdMKHsrFe4MGNPp0hqDFA1Wpt3jE1gEyM3nKUvOiO//9PheZZHfYRfYl6AwdTH4aTcXSqBerX0ml4A==}
    engines: {node: '>=12'}
    cpu: [mips64el]
    os: [linux]

  '@esbuild/linux-ppc64@0.17.19':
    resolution: {integrity: sha512-/c/DGybs95WXNS8y3Ti/ytqETiW7EU44MEKuCAcpPto3YjQbyK3IQVKfF6nbghD7EcLUGl0NbiL5Rt5DMhn5tg==}
    engines: {node: '>=12'}
    cpu: [ppc64]
    os: [linux]

  '@esbuild/linux-riscv64@0.17.19':
    resolution: {integrity: sha512-FC3nUAWhvFoutlhAkgHf8f5HwFWUL6bYdvLc/TTuxKlvLi3+pPzdZiFKSWz/PF30TB1K19SuCxDTI5KcqASJqA==}
    engines: {node: '>=12'}
    cpu: [riscv64]
    os: [linux]

  '@esbuild/linux-s390x@0.17.19':
    resolution: {integrity: sha512-IbFsFbxMWLuKEbH+7sTkKzL6NJmG2vRyy6K7JJo55w+8xDk7RElYn6xvXtDW8HCfoKBFK69f3pgBJSUSQPr+4Q==}
    engines: {node: '>=12'}
    cpu: [s390x]
    os: [linux]

  '@esbuild/linux-x64@0.17.19':
    resolution: {integrity: sha512-68ngA9lg2H6zkZcyp22tsVt38mlhWde8l3eJLWkyLrp4HwMUr3c1s/M2t7+kHIhvMjglIBrFpncX1SzMckomGw==}
    engines: {node: '>=12'}
    cpu: [x64]
    os: [linux]

  '@esbuild/netbsd-x64@0.17.19':
    resolution: {integrity: sha512-CwFq42rXCR8TYIjIfpXCbRX0rp1jo6cPIUPSaWwzbVI4aOfX96OXY8M6KNmtPcg7QjYeDmN+DD0Wp3LaBOLf4Q==}
    engines: {node: '>=12'}
    cpu: [x64]
    os: [netbsd]

  '@esbuild/openbsd-x64@0.17.19':
    resolution: {integrity: sha512-cnq5brJYrSZ2CF6c35eCmviIN3k3RczmHz8eYaVlNasVqsNY+JKohZU5MKmaOI+KkllCdzOKKdPs762VCPC20g==}
    engines: {node: '>=12'}
    cpu: [x64]
    os: [openbsd]

  '@esbuild/sunos-x64@0.17.19':
    resolution: {integrity: sha512-vCRT7yP3zX+bKWFeP/zdS6SqdWB8OIpaRq/mbXQxTGHnIxspRtigpkUcDMlSCOejlHowLqII7K2JKevwyRP2rg==}
    engines: {node: '>=12'}
    cpu: [x64]
    os: [sunos]

  '@esbuild/win32-arm64@0.17.19':
    resolution: {integrity: sha512-yYx+8jwowUstVdorcMdNlzklLYhPxjniHWFKgRqH7IFlUEa0Umu3KuYplf1HUZZ422e3NU9F4LGb+4O0Kdcaag==}
    engines: {node: '>=12'}
    cpu: [arm64]
    os: [win32]

  '@esbuild/win32-ia32@0.17.19':
    resolution: {integrity: sha512-eggDKanJszUtCdlVs0RB+h35wNlb5v4TWEkq4vZcmVt5u/HiDZrTXe2bWFQUez3RgNHwx/x4sk5++4NSSicKkw==}
    engines: {node: '>=12'}
    cpu: [ia32]
    os: [win32]

  '@esbuild/win32-x64@0.17.19':
    resolution: {integrity: sha512-lAhycmKnVOuRYNtRtatQR1LPQf2oYCkRGkSFnseDAKPl8lu5SOsK/e1sXe5a0Pc5kHIHe6P2I/ilntNv2xf3cA==}
    engines: {node: '>=12'}
    cpu: [x64]
    os: [win32]

  '@lezer/common@1.2.3':
    resolution: {integrity: sha512-w7ojc8ejBqr2REPsWxJjrMFsA/ysDCFICn8zEOR9mrqzOu2amhITYuLD8ag6XZf0CFXDrhKqw7+tW8cX66NaDA==}

  '@lezer/cpp@1.1.3':
    resolution: {integrity: sha512-ykYvuFQKGsRi6IcE+/hCSGUhb/I4WPjd3ELhEblm2wS2cOznDFzO+ubK2c+ioysOnlZ3EduV+MVQFCPzAIoY3w==}

  '@lezer/css@1.1.11':
    resolution: {integrity: sha512-FuAnusbLBl1SEAtfN8NdShxYJiESKw9LAFysfea1T96jD3ydBn12oYjaSG1a04BQRIUd93/0D8e5CV1cUMkmQg==}

  '@lezer/go@1.0.0':
    resolution: {integrity: sha512-co9JfT3QqX1YkrMmourYw2Z8meGC50Ko4d54QEcQbEYpvdUvN4yb0NBZdn/9ertgvjsySxHsKzH3lbm3vqJ4Jw==}

  '@lezer/highlight@1.2.1':
    resolution: {integrity: sha512-Z5duk4RN/3zuVO7Jq0pGLJ3qynpxUVsh7IbUbGj88+uV2ApSAn6kWg2au3iJb+0Zi7kKtqffIESgNcRXWZWmSA==}

  '@lezer/html@1.3.10':
    resolution: {integrity: sha512-dqpT8nISx/p9Do3AchvYGV3qYc4/rKr3IBZxlHmpIKam56P47RSHkSF5f13Vu9hebS1jM0HmtJIwLbWz1VIY6w==}

  '@lezer/java@1.1.3':
    resolution: {integrity: sha512-yHquUfujwg6Yu4Fd1GNHCvidIvJwi/1Xu2DaKl/pfWIA2c1oXkVvawH3NyXhCaFx4OdlYBVX5wvz2f7Aoa/4Xw==}

  '@lezer/javascript@1.4.21':
    resolution: {integrity: sha512-lL+1fcuxWYPURMM/oFZLEDm0XuLN128QPV+VuGtKpeaOGdcl9F2LYC3nh1S9LkPqx9M0mndZFdXCipNAZpzIkQ==}

  '@lezer/json@1.0.3':
    resolution: {integrity: sha512-BP9KzdF9Y35PDpv04r0VeSTKDeox5vVr3efE7eBbx3r4s3oNLfunchejZhjArmeieBH+nVOpgIiBJpEAv8ilqQ==}

  '@lezer/lr@1.4.2':
    resolution: {integrity: sha512-pu0K1jCIdnQ12aWNaAVU5bzi7Bd1w54J3ECgANPmYLtQKP0HBj2cE/5coBD66MT10xbtIuUr7tg0Shbsvk0mDA==}

  '@lezer/markdown@1.4.2':
    resolution: {integrity: sha512-iYewCigG/517D0xJPQd7RGaCjZAFwROiH8T9h7OTtz0bRVtkxzFhGBFJ9JGKgBBs4uuo1cvxzyQ5iKhDLMcLUQ==}

  '@lezer/php@1.0.2':
    resolution: {integrity: sha512-GN7BnqtGRpFyeoKSEqxvGvhJQiI4zkgmYnDk/JIyc7H7Ifc1tkPnUn/R2R8meH3h/aBf5rzjvU8ZQoyiNDtDrA==}

  '@lezer/python@1.1.17':
    resolution: {integrity: sha512-Iz0doICPko9uv2chIfSsViNSugNa4PWhxs17jtFd0ZMt+OieDq3wxtFOdmj7wtst3FWDeJkB0CxWNot0BlYixw==}

  '@lezer/rust@1.0.2':
    resolution: {integrity: sha512-Lz5sIPBdF2FUXcWeCu1//ojFAZqzTQNRga0aYv6dYXqJqPfMdCAI0NzajWUd4Xijj1IKJLtjoXRPMvTKWBcqKg==}

  '@lezer/sass@1.0.7':
    resolution: {integrity: sha512-8HLlOkuX/SMHOggI2DAsXUw38TuURe+3eQ5hiuk9QmYOUyC55B1dYEIMkav5A4IELVaW4e1T4P9WRiI5ka4mdw==}

  '@lezer/xml@1.0.6':
    resolution: {integrity: sha512-CdDwirL0OEaStFue/66ZmFSeppuL6Dwjlk8qk153mSQwiSH/Dlri4GNymrNWnUmPl2Um7QfV1FO9KFUyX3Twww==}

  '@lezer/yaml@1.0.3':
    resolution: {integrity: sha512-GuBLekbw9jDBDhGur82nuwkxKQ+a3W5H0GfaAthDXcAu+XdpS43VlnxA9E9hllkpSP5ellRDKjLLj7Lu9Wr6xA==}

  '@marijn/find-cluster-break@1.0.2':
    resolution: {integrity: sha512-l0h88YhZFyKdXIFNfSWpyjStDjGHwZ/U7iobcK1cQQD8sejsONdQtTVU+1wVN1PBw40PiiHB1vA5S7VTfQiP9g==}

  '@types/codemirror@5.60.15':
    resolution: {integrity: sha512-dTOvwEQ+ouKJ/rE9LT1Ue2hmP6H1mZv5+CCnNWu2qtiOe2LQa9lCprEY20HxiDmV/Bxh+dXjywmy5aKvoGjULA==}

  '@types/estree@1.0.7':
    resolution: {integrity: sha512-w28IoSUCJpidD/TGviZwwMJckNESJZXFu7NBZ5YJ4mEUnNraUn9Pm8HSZm/jDF1pDWYKspWE7oVphigUPRakIQ==}

  '@types/feather-icons@4.29.4':
    resolution: {integrity: sha512-cvwI455PWx/gJ33XDTIZOdauRy+XCxZggkOT/tAQYZLdySPFATD4RnDC9mxOnCIEaK9kwPm3zZigkAsMkhXb5w==}

  '@types/marked@4.3.2':
    resolution: {integrity: sha512-a79Yc3TOk6dGdituy8hmTTJXjOkZ7zsFYV10L337ttq/rec8lRMDBpV7fL3uLx6TgbFCa5DU/h8FmIBQPSbU0w==}

  '@types/node@16.18.126':
    resolution: {integrity: sha512-OTcgaiwfGFBKacvfwuHzzn1KLxH/er8mluiy8/uM3sGXHaRe73RrSIj01jow9t4kJEW633Ov+cOexXeiApTyAw==}

  '@types/tern@0.23.9':
    resolution: {integrity: sha512-ypzHFE/wBzh+BlH6rrBgS5I/Z7RD21pGhZ2rltb/+ZrVM1awdZwjx7hE5XfuYgHWk9uvV5HLZN3SloevCAp3Bw==}

  campfire.js@2.4.1:
    resolution: {integrity: sha512-xP36HO6zyanz9y2tWCwpCj836p7XpZ6hR/zCy7EnBXDASZbC7CokPRV+D3P0ezdKX2+uNGPeFfm1ttgyzDcVeg==}

  campfire.js@4.0.0-rc10:
    resolution: {integrity: sha512-xrZzf5HwOOMpwnk5+uLNXZXq/144mAYC363RCIllasfLv6QMDQl1FmjI4R4uDfos4rpnUZp9dDnG7IL3Rq17vg==}

  cf-alert@0.4.1:
    resolution: {integrity: sha512-BnXG+OGrNS0XCZCavyIzpYuCNYHgZ4zI+a24HOk6RQLzvCGX8DEs6kXA6MCOxirOVGAzsIw0I0uIfVJ1BtANpQ==}

  crelt@1.0.6:
    resolution: {integrity: sha512-VQ2MBenTq1fWZUH9DJNGti7kKv6EeAuYr3cLwxUWhIu1baTaXh4Ib5W2CqHVqib4/MqbYGJqiL3Zb8GJZr3l4g==}

  css-tree@2.2.1:
    resolution: {integrity: sha512-OA0mILzGc1kCOCSJerOeqDxDQ4HOh+G8NbOJFOTgOCzpw7fCBubk0fEyxp8AgOL/jvLgYA/uV0cMbe43ElF1JA==}
    engines: {node: ^10 || ^12.20.0 || ^14.13.0 || >=15.0.0, npm: '>=7.0.0'}

  csso@5.0.5:
    resolution: {integrity: sha512-0LrrStPOdJj+SPCCrGhzryycLjwcgUSHBtxNA8aIDxf0GLsRh1cKYhB00Gd1lDOS4yGH69+SNn13+TWbVHETFQ==}
    engines: {node: ^10 || ^12.20.0 || ^14.13.0 || >=15.0.0, npm: '>=7.0.0'}

  esbuild@0.17.19:
    resolution: {integrity: sha512-XQ0jAPFkK/u3LcVRcvVHQcTIqD6E2H1fvZMA5dQPSOWb3suUbWbfbRf94pjc0bNzRYLfIrDRQXr7X+LHIm5oHw==}
    engines: {node: '>=12'}
    hasBin: true

  lucide@0.311.0:
    resolution: {integrity: sha512-mv6B9vJNSVPLhfX9d3w89UeVD+NMDtaPpAzvlbdUsXaaDnXZ/ttrxLyCim2zWh/xc4lYuGgm1ANwV2Hqzq1sLA==}

  marked@5.1.2:
    resolution: {integrity: sha512-ahRPGXJpjMjwSOlBoTMZAK7ATXkli5qCPxZ21TG44rx1KEo44bii4ekgTDQPNRQ4Kh7JMb9Ub1PVk1NxRSsorg==}
    engines: {node: '>= 16'}
    hasBin: true

  mdn-data@2.0.28:
    resolution: {integrity: sha512-aylIc7Z9y4yzHYAJNuESG3hfhC+0Ibp/MAMiaOZgNv4pmEdFyfZhhhny4MNiAfWdBQ1RQ2mfDWmM1x8SvGyp8g==}

  source-map-js@1.2.1:
    resolution: {integrity: sha512-UXWMKhLOwVKb728IUtQPXxfYU+usdybtUrK/8uGE8CQMvrhOpwvzDBwj0QhSL7MQc7vIsISBG8VQ8+IDQxpfQA==}
    engines: {node: '>=0.10.0'}

  style-mod@4.1.2:
    resolution: {integrity: sha512-wnD1HyVqpJUI2+eKZ+eo1UwghftP6yuFheBqqe+bWCotBjC2K1YnteJILRMs3SM4V/0dLEW1SC27MWP5y+mwmw==}

  typescript@4.9.5:
    resolution: {integrity: sha512-1FXk9E2Hm+QzZQ7z+McJiHL4NW1F2EzMu9Nq9i3zAaGqibafqYwCVU6WyWAuyQRRzOlxou8xZSyXLEN8oKj24g==}
    engines: {node: '>=4.2.0'}
    hasBin: true

  typescript@5.8.3:
    resolution: {integrity: sha512-p1diW6TqL9L07nNxvRMM7hMMw4c5XOo/1ibL4aAIGmSAt9slTE1Xgw5KWuof2uTOvCg9BY7ZRi+GaF+7sfgPeQ==}
    engines: {node: '>=14.17'}
    hasBin: true

  w3c-keyname@2.2.8:
    resolution: {integrity: sha512-dpojBhNsCNN7T82Tm7k26A6G9ML3NkhDsnw9n/eoxSRlVBB4CEtIQ/KTCLI2Fwf3ataSXRhYFkQi3SlnFwPvPQ==}

snapshots:

  '@codemirror/autocomplete@6.18.6':
    dependencies:
      '@codemirror/language': 6.11.0
      '@codemirror/state': 6.5.2
      '@codemirror/view': 6.36.5
      '@lezer/common': 1.2.3

  '@codemirror/commands@6.8.1':
    dependencies:
      '@codemirror/language': 6.11.0
      '@codemirror/state': 6.5.2
      '@codemirror/view': 6.36.5
      '@lezer/common': 1.2.3

  '@codemirror/lang-angular@0.1.3':
    dependencies:
      '@codemirror/lang-html': 6.4.9
      '@codemirror/lang-javascript': 6.2.3
      '@codemirror/language': 6.11.0
      '@lezer/common': 1.2.3
      '@lezer/highlight': 1.2.1
      '@lezer/lr': 1.4.2

  '@codemirror/lang-cpp@6.0.2':
    dependencies:
      '@codemirror/language': 6.11.0
      '@lezer/cpp': 1.1.3

  '@codemirror/lang-css@6.3.1':
    dependencies:
      '@codemirror/autocomplete': 6.18.6
      '@codemirror/language': 6.11.0
      '@codemirror/state': 6.5.2
      '@lezer/common': 1.2.3
      '@lezer/css': 1.1.11

  '@codemirror/lang-go@6.0.1':
    dependencies:
      '@codemirror/autocomplete': 6.18.6
      '@codemirror/language': 6.11.0
      '@codemirror/state': 6.5.2
      '@lezer/common': 1.2.3
      '@lezer/go': 1.0.0

  '@codemirror/lang-html@6.4.9':
    dependencies:
      '@codemirror/autocomplete': 6.18.6
      '@codemirror/lang-css': 6.3.1
      '@codemirror/lang-javascript': 6.2.3
      '@codemirror/language': 6.11.0
      '@codemirror/state': 6.5.2
      '@codemirror/view': 6.36.5
      '@lezer/common': 1.2.3
      '@lezer/css': 1.1.11
      '@lezer/html': 1.3.10

  '@codemirror/lang-java@6.0.1':
    dependencies:
      '@codemirror/language': 6.11.0
      '@lezer/java': 1.1.3

  '@codemirror/lang-javascript@6.2.3':
    dependencies:
      '@codemirror/autocomplete': 6.18.6
      '@codemirror/language': 6.11.0
      '@codemirror/lint': 6.8.5
      '@codemirror/state': 6.5.2
      '@codemirror/view': 6.36.5
      '@lezer/common': 1.2.3
      '@lezer/javascript': 1.4.21

  '@codemirror/lang-json@6.0.1':
    dependencies:
      '@codemirror/language': 6.11.0
      '@lezer/json': 1.0.3

  '@codemirror/lang-less@6.0.2':
    dependencies:
      '@codemirror/lang-css': 6.3.1
      '@codemirror/language': 6.11.0
      '@lezer/common': 1.2.3
      '@lezer/highlight': 1.2.1
      '@lezer/lr': 1.4.2

  '@codemirror/lang-liquid@6.2.3':
    dependencies:
      '@codemirror/autocomplete': 6.18.6
      '@codemirror/lang-html': 6.4.9
      '@codemirror/language': 6.11.0
      '@codemirror/state': 6.5.2
      '@codemirror/view': 6.36.5
      '@lezer/common': 1.2.3
      '@lezer/highlight': 1.2.1
      '@lezer/lr': 1.4.2

  '@codemirror/lang-markdown@6.3.2':
    dependencies:
      '@codemirror/autocomplete': 6.18.6
      '@codemirror/lang-html': 6.4.9
      '@codemirror/language': 6.11.0
      '@codemirror/state': 6.5.2
      '@codemirror/view': 6.36.5
      '@lezer/common': 1.2.3
      '@lezer/markdown': 1.4.2

  '@codemirror/lang-php@6.0.1':
    dependencies:
      '@codemirror/lang-html': 6.4.9
      '@codemirror/language': 6.11.0
      '@codemirror/state': 6.5.2
      '@lezer/common': 1.2.3
      '@lezer/php': 1.0.2

  '@codemirror/lang-python@6.1.7':
    dependencies:
      '@codemirror/autocomplete': 6.18.6
      '@codemirror/language': 6.11.0
      '@codemirror/state': 6.5.2
      '@lezer/common': 1.2.3
      '@lezer/python': 1.1.17

  '@codemirror/lang-rust@6.0.1':
    dependencies:
      '@codemirror/language': 6.11.0
      '@lezer/rust': 1.0.2

  '@codemirror/lang-sass@6.0.2':
    dependencies:
      '@codemirror/lang-css': 6.3.1
      '@codemirror/language': 6.11.0
      '@codemirror/state': 6.5.2
      '@lezer/common': 1.2.3
      '@lezer/sass': 1.0.7

  '@codemirror/lang-sql@6.8.0':
    dependencies:
      '@codemirror/autocomplete': 6.18.6
      '@codemirror/language': 6.11.0
      '@codemirror/state': 6.5.2
      '@lezer/common': 1.2.3
      '@lezer/highlight': 1.2.1
      '@lezer/lr': 1.4.2

  '@codemirror/lang-vue@0.1.3':
    dependencies:
      '@codemirror/lang-html': 6.4.9
      '@codemirror/lang-javascript': 6.2.3
      '@codemirror/language': 6.11.0
      '@lezer/common': 1.2.3
      '@lezer/highlight': 1.2.1
      '@lezer/lr': 1.4.2

  '@codemirror/lang-wast@6.0.2':
    dependencies:
      '@codemirror/language': 6.11.0
      '@lezer/common': 1.2.3
      '@lezer/highlight': 1.2.1
      '@lezer/lr': 1.4.2

  '@codemirror/lang-xml@6.1.0':
    dependencies:
      '@codemirror/autocomplete': 6.18.6
      '@codemirror/language': 6.11.0
      '@codemirror/state': 6.5.2
      '@codemirror/view': 6.36.5
      '@lezer/common': 1.2.3
      '@lezer/xml': 1.0.6

  '@codemirror/lang-yaml@6.1.2':
    dependencies:
      '@codemirror/autocomplete': 6.18.6
      '@codemirror/language': 6.11.0
      '@codemirror/state': 6.5.2
      '@lezer/common': 1.2.3
      '@lezer/highlight': 1.2.1
      '@lezer/lr': 1.4.2
      '@lezer/yaml': 1.0.3

  '@codemirror/language-data@6.5.1':
    dependencies:
      '@codemirror/lang-angular': 0.1.3
      '@codemirror/lang-cpp': 6.0.2
      '@codemirror/lang-css': 6.3.1
      '@codemirror/lang-go': 6.0.1
      '@codemirror/lang-html': 6.4.9
      '@codemirror/lang-java': 6.0.1
      '@codemirror/lang-javascript': 6.2.3
      '@codemirror/lang-json': 6.0.1
      '@codemirror/lang-less': 6.0.2
      '@codemirror/lang-liquid': 6.2.3
      '@codemirror/lang-markdown': 6.3.2
      '@codemirror/lang-php': 6.0.1
      '@codemirror/lang-python': 6.1.7
      '@codemirror/lang-rust': 6.0.1
      '@codemirror/lang-sass': 6.0.2
      '@codemirror/lang-sql': 6.8.0
      '@codemirror/lang-vue': 0.1.3
      '@codemirror/lang-wast': 6.0.2
      '@codemirror/lang-xml': 6.1.0
      '@codemirror/lang-yaml': 6.1.2
      '@codemirror/language': 6.11.0
      '@codemirror/legacy-modes': 6.5.0

  '@codemirror/language@6.11.0':
    dependencies:
      '@codemirror/state': 6.5.2
      '@codemirror/view': 6.36.5
      '@lezer/common': 1.2.3
      '@lezer/highlight': 1.2.1
      '@lezer/lr': 1.4.2
      style-mod: 4.1.2

  '@codemirror/legacy-modes@6.5.0':
    dependencies:
      '@codemirror/language': 6.11.0

  '@codemirror/lint@6.8.5':
    dependencies:
      '@codemirror/state': 6.5.2
      '@codemirror/view': 6.36.5
      crelt: 1.0.6

  '@codemirror/state@6.5.2':
    dependencies:
      '@marijn/find-cluster-break': 1.0.2

  '@codemirror/view@6.36.5':
    dependencies:
      '@codemirror/state': 6.5.2
      style-mod: 4.1.2
      w3c-keyname: 2.2.8

  '@esbuild/android-arm64@0.17.19':
    optional: true

  '@esbuild/android-arm@0.17.19':
    optional: true

  '@esbuild/android-x64@0.17.19':
    optional: true

  '@esbuild/darwin-arm64@0.17.19':
    optional: true

  '@esbuild/darwin-x64@0.17.19':
    optional: true

  '@esbuild/freebsd-arm64@0.17.19':
    optional: true

  '@esbuild/freebsd-x64@0.17.19':
    optional: true

  '@esbuild/linux-arm64@0.17.19':
    optional: true

  '@esbuild/linux-arm@0.17.19':
    optional: true

  '@esbuild/linux-ia32@0.17.19':
    optional: true

  '@esbuild/linux-loong64@0.17.19':
    optional: true

  '@esbuild/linux-mips64el@0.17.19':
    optional: true

  '@esbuild/linux-ppc64@0.17.19':
    optional: true

  '@esbuild/linux-riscv64@0.17.19':
    optional: true

  '@esbuild/linux-s390x@0.17.19':
    optional: true

  '@esbuild/linux-x64@0.17.19':
    optional: true

  '@esbuild/netbsd-x64@0.17.19':
    optional: true

  '@esbuild/openbsd-x64@0.17.19':
    optional: true

  '@esbuild/sunos-x64@0.17.19':
    optional: true

  '@esbuild/win32-arm64@0.17.19':
    optional: true

  '@esbuild/win32-ia32@0.17.19':
    optional: true

  '@esbuild/win32-x64@0.17.19':
    optional: true

  '@lezer/common@1.2.3': {}

  '@lezer/cpp@1.1.3':
    dependencies:
      '@lezer/common': 1.2.3
      '@lezer/highlight': 1.2.1
      '@lezer/lr': 1.4.2

  '@lezer/css@1.1.11':
    dependencies:
      '@lezer/common': 1.2.3
      '@lezer/highlight': 1.2.1
      '@lezer/lr': 1.4.2

  '@lezer/go@1.0.0':
    dependencies:
      '@lezer/common': 1.2.3
      '@lezer/highlight': 1.2.1
      '@lezer/lr': 1.4.2

  '@lezer/highlight@1.2.1':
    dependencies:
      '@lezer/common': 1.2.3

  '@lezer/html@1.3.10':
    dependencies:
      '@lezer/common': 1.2.3
      '@lezer/highlight': 1.2.1
      '@lezer/lr': 1.4.2

  '@lezer/java@1.1.3':
    dependencies:
      '@lezer/common': 1.2.3
      '@lezer/highlight': 1.2.1
      '@lezer/lr': 1.4.2

  '@lezer/javascript@1.4.21':
    dependencies:
      '@lezer/common': 1.2.3
      '@lezer/highlight': 1.2.1
      '@lezer/lr': 1.4.2

  '@lezer/json@1.0.3':
    dependencies:
      '@lezer/common': 1.2.3
      '@lezer/highlight': 1.2.1
      '@lezer/lr': 1.4.2

  '@lezer/lr@1.4.2':
    dependencies:
      '@lezer/common': 1.2.3

  '@lezer/markdown@1.4.2':
    dependencies:
      '@lezer/common': 1.2.3
      '@lezer/highlight': 1.2.1

  '@lezer/php@1.0.2':
    dependencies:
      '@lezer/common': 1.2.3
      '@lezer/highlight': 1.2.1
      '@lezer/lr': 1.4.2

  '@lezer/python@1.1.17':
    dependencies:
      '@lezer/common': 1.2.3
      '@lezer/highlight': 1.2.1
      '@lezer/lr': 1.4.2

  '@lezer/rust@1.0.2':
    dependencies:
      '@lezer/common': 1.2.3
      '@lezer/highlight': 1.2.1
      '@lezer/lr': 1.4.2

  '@lezer/sass@1.0.7':
    dependencies:
      '@lezer/common': 1.2.3
      '@lezer/highlight': 1.2.1
      '@lezer/lr': 1.4.2

  '@lezer/xml@1.0.6':
    dependencies:
      '@lezer/common': 1.2.3
      '@lezer/highlight': 1.2.1
      '@lezer/lr': 1.4.2

  '@lezer/yaml@1.0.3':
    dependencies:
      '@lezer/common': 1.2.3
      '@lezer/highlight': 1.2.1
      '@lezer/lr': 1.4.2

  '@marijn/find-cluster-break@1.0.2': {}

  '@types/codemirror@5.60.15':
    dependencies:
      '@types/tern': 0.23.9

  '@types/estree@1.0.7': {}

  '@types/feather-icons@4.29.4': {}

  '@types/marked@4.3.2': {}

  '@types/node@16.18.126': {}

  '@types/tern@0.23.9':
    dependencies:
      '@types/estree': 1.0.7

  campfire.js@2.4.1: {}

  campfire.js@4.0.0-rc10: {}

  cf-alert@0.4.1:
    dependencies:
      campfire.js: 2.4.1
      typescript: 4.9.5

  crelt@1.0.6: {}

  css-tree@2.2.1:
    dependencies:
      mdn-data: 2.0.28
      source-map-js: 1.2.1

  csso@5.0.5:
    dependencies:
      css-tree: 2.2.1

  esbuild@0.17.19:
    optionalDependencies:
      '@esbuild/android-arm': 0.17.19
      '@esbuild/android-arm64': 0.17.19
      '@esbuild/android-x64': 0.17.19
      '@esbuild/darwin-arm64': 0.17.19
      '@esbuild/darwin-x64': 0.17.19
      '@esbuild/freebsd-arm64': 0.17.19
      '@esbuild/freebsd-x64': 0.17.19
      '@esbuild/linux-arm': 0.17.19
      '@esbuild/linux-arm64': 0.17.19
      '@esbuild/linux-ia32': 0.17.19
      '@esbuild/linux-loong64': 0.17.19
      '@esbuild/linux-mips64el': 0.17.19
      '@esbuild/linux-ppc64': 0.17.19
      '@esbuild/linux-riscv64': 0.17.19
      '@esbuild/linux-s390x': 0.17.19
      '@esbuild/linux-x64': 0.17.19
      '@esbuild/netbsd-x64': 0.17.19
      '@esbuild/openbsd-x64': 0.17.19
      '@esbuild/sunos-x64': 0.17.19
      '@esbuild/win32-arm64': 0.17.19
      '@esbuild/win32-ia32': 0.17.19
      '@esbuild/win32-x64': 0.17.19

  lucide@0.311.0: {}

  marked@5.1.2: {}

  mdn-data@2.0.28: {}

  source-map-js@1.2.1: {}

  style-mod@4.1.2: {}

  typescript@4.9.5: {}

  typescript@5.8.3: {}

  w3c-keyname@2.2.8: {}
